
Microsoft Visual Studio Solution File, Format Version 12.00
# Visual Studio 15
VisualStudioVersion = 15.0.27130.2003
MinimumVisualStudioVersion = 10.0.40219.1
Project("{9A19103F-16F7-4668-BE54-9A1E7A4F7556}") = "Server", "Server\Server.csproj", "{0A0F93F0-94A3-4169-ACE6-4CCC8EE7395D}"
EndProject
Project("{9A19103F-16F7-4668-BE54-9A1E7A4F7556}") = "Client", "Client\Client.csproj", "{B9C904AF-75C4-454D-A740-6A253A9F9834}"
EndProject
Project("{2150E333-8FDC-42A3-9474-1A3956D46DE8}") = "Solution Items", "Solution Items", "{B076FD32-D832-4AF1-A0CB-3930165238C9}"
	ProjectSection(SolutionItems) = preProject
		Readme.md = Readme.md
	EndProjectSection
EndProject
Global
	GlobalSection(SolutionConfigurationPlatforms) = preSolution
		Debug|Any CPU = Debug|Any CPU
		Release|Any CPU = Release|Any CPU
	EndGlobalSection
	GlobalSection(ProjectConfigurationPlatforms) = postSolution
		{0A0F93F0-94A3-4169-ACE6-4CCC8EE7395D}.Debug|Any CPU.ActiveCfg = Debug|Any CPU
		{0A0F93F0-94A3-4169-ACE6-4CCC8EE7395D}.Debug|Any CPU.Build.0 = Debug|Any CPU
		{0A0F93F0-94A3-4169-ACE6-4CCC8EE7395D}.Release|Any CPU.ActiveCfg = Release|Any CPU
		{0A0F93F0-94A3-4169-ACE6-4CCC8EE7395D}.Release|Any CPU.Build.0 = Release|Any CPU
		{B9C904AF-75C4-454D-A740-6A253A9F9834}.Debug|Any CPU.ActiveCfg = Debug|Any CPU
		{B9C904AF-75C4-454D-A740-6A253A9F9834}.Debug|Any CPU.Build.0 = Debug|Any CPU
		{B9C904AF-75C4-454D-A740-6A253A9F9834}.Release|Any CPU.ActiveCfg = Release|Any CPU
		{B9C904AF-75C4-454D-A740-6A253A9F9834}.Release|Any CPU.Build.0 = Release|Any CPU
	EndGlobalSection
	GlobalSection(SolutionProperties) = preSolution
		HideSolutionNode = FALSE
	EndGlobalSection
	GlobalSection(ExtensibilityGlobals) = postSolution
		SolutionGuid = {2006B8DE-0AEB-4547-8E7D-0C08DEFC8E15}
	EndGlobalSection
EndGlobal
